
Microsoft Visual Studio Solution File, Format Version 12.00
# Visual Studio Version 17
VisualStudioVersion = 17.13.36105.23 d17.13
MinimumVisualStudioVersion = 10.0.40219.1
Project("{C9674DCB-5085-4A16-B785-4C70DD1589BD}") = "SSIS-FINAL PROJECT(ECOMMERCE DATA)-SEEMA_CHHUNGA(INT-952)", "SSIS-FINAL PROJECT(ECOMMERCE DATA)-SEEMA_CHHUNGA(INT-952)\SSIS-FINAL PROJECT(ECOMMERCE DATA)-SEEMA_CHHUNGA(INT-952).dtproj", "{7EEE698A-A1F3-FEF1-943A-C5C7BAC2C8FC}"
EndProject
Global
	GlobalSection(SolutionConfigurationPlatforms) = preSolution
		Development|Default = Development|Default
	EndGlobalSection
	GlobalSection(ProjectConfigurationPlatforms) = postSolution
		{7EEE698A-A1F3-FEF1-943A-C5C7BAC2C8FC}.Development|Default.ActiveCfg = Development
		{7EEE698A-A1F3-FEF1-943A-C5C7BAC2C8FC}.Development|Default.Build.0 = Development
	EndGlobalSection
	GlobalSection(SolutionProperties) = preSolution
		HideSolutionNode = FALSE
	EndGlobalSection
	GlobalSection(ExtensibilityGlobals) = postSolution
		SolutionGuid = {5C4DDE4C-FCF4-4D53-BAB6-033F1B9882C5}
	EndGlobalSection
EndGlobal
